{
  "version": 4,
  "terraform_version": "1.2.8",
  "serial": 7,
  "lineage": "8bb9066c-c8bf-619b-f09b-37b0b0f6b471",
  "outputs": {},
  "resources": [
    {
      "mode": "managed",
      "type": "yandex_iam_service_account",
      "name": "study-sa",
      "provider": "provider[\"registry.terraform.io/yandex-cloud/yandex\"]",
      "instances": [
        {
          "schema_version": 0,
          "attributes": {
            "created_at": "2022-09-03T13:04:16Z",
            "description": "service account for cluster",
            "folder_id": "b1gvsquk6jvkrc1a16m3",
            "id": "aje9bjmtnnjnqcdp1819",
            "name": "study-sa",
            "timeouts": null
          },
          "sensitive_attributes": [],
          "private": "eyJlMmJmYjczMC1lY2FhLTExZTYtOGY4OC0zNDM2M2JjN2M0YzAiOnsiY3JlYXRlIjo2MDAwMDAwMDAwMCwiZGVsZXRlIjo2MDAwMDAwMDAwMCwidXBkYXRlIjo2MDAwMDAwMDAwMH19"
        }
      ]
    },
    {
      "mode": "managed",
      "type": "yandex_resourcemanager_folder_iam_binding",
      "name": "editor",
      "provider": "provider[\"registry.terraform.io/yandex-cloud/yandex\"]",
      "instances": [
        {
          "schema_version": 0,
          "attributes": {
            "folder_id": "b1gvsquk6jvkrc1a16m3",
            "id": "b1gvsquk6jvkrc1a16m3/editor",
            "members": [
              "serviceAccount:aje9bjmtnnjnqcdp1819"
            ],
            "role": "editor",
            "sleep_after": null
          },
          "sensitive_attributes": [],
          "private": "bnVsbA==",
          "dependencies": [
            "yandex_iam_service_account.study-sa"
          ]
        }
      ]
    },
    {
      "mode": "managed",
      "type": "yandex_resourcemanager_folder_iam_binding",
      "name": "images-puller",
      "provider": "provider[\"registry.terraform.io/yandex-cloud/yandex\"]",
      "instances": [
        {
          "schema_version": 0,
          "attributes": {
            "folder_id": "b1gvsquk6jvkrc1a16m3",
            "id": "b1gvsquk6jvkrc1a16m3/container-registry.images.puller",
            "members": [
              "serviceAccount:aje9bjmtnnjnqcdp1819"
            ],
            "role": "container-registry.images.puller",
            "sleep_after": null
          },
          "sensitive_attributes": [],
          "private": "bnVsbA==",
          "dependencies": [
            "yandex_iam_service_account.study-sa"
          ]
        }
      ]
    },
    {
      "mode": "managed",
      "type": "yandex_vpc_network",
      "name": "study",
      "provider": "provider[\"registry.terraform.io/yandex-cloud/yandex\"]",
      "instances": [
        {
          "schema_version": 0,
          "attributes": {
            "created_at": "2022-09-03T13:04:16Z",
            "default_security_group_id": "",
            "description": "",
            "folder_id": "b1gvsquk6jvkrc1a16m3",
            "id": "enp3lpkikpo8dg7fu5nd",
            "labels": {},
            "name": "study",
            "subnet_ids": [],
            "timeouts": null
          },
          "sensitive_attributes": [],
          "private": "eyJlMmJmYjczMC1lY2FhLTExZTYtOGY4OC0zNDM2M2JjN2M0YzAiOnsiY3JlYXRlIjo2MDAwMDAwMDAwMCwiZGVsZXRlIjo2MDAwMDAwMDAwMCwidXBkYXRlIjo2MDAwMDAwMDAwMH19"
        }
      ]
    },
    {
      "mode": "managed",
      "type": "yandex_vpc_subnet",
      "name": "study-subnet",
      "provider": "provider[\"registry.terraform.io/yandex-cloud/yandex\"]",
      "instances": [
        {
          "schema_version": 0,
          "attributes": {
            "created_at": "2022-09-03T13:04:17Z",
            "description": "",
            "dhcp_options": [],
            "folder_id": "b1gvsquk6jvkrc1a16m3",
            "id": "e2l6s19k88o9rcelibsl",
            "labels": {},
            "name": "",
            "network_id": "enp3lpkikpo8dg7fu5nd",
            "route_table_id": "",
            "timeouts": null,
            "v4_cidr_blocks": [
              "10.112.0.0/16"
            ],
            "v6_cidr_blocks": [],
            "zone": "ru-central1-b"
          },
          "sensitive_attributes": [],
          "private": "eyJlMmJmYjczMC1lY2FhLTExZTYtOGY4OC0zNDM2M2JjN2M0YzAiOnsiY3JlYXRlIjoxODAwMDAwMDAwMDAsImRlbGV0ZSI6MTgwMDAwMDAwMDAwLCJ1cGRhdGUiOjE4MDAwMDAwMDAwMH19",
          "dependencies": [
            "yandex_vpc_network.study"
          ]
        }
      ]
    }
  ]
}
